
Microsoft Visual Studio Solution File, Format Version 12.00
# Visual Studio 15
VisualStudioVersion = 15.0.28307.421
MinimumVisualStudioVersion = 10.0.40219.1
Project("{FAE04EC0-301F-11D3-BF4B-00C04F79EFBC}") = "MusicStore", "MusicStore\MusicStore.csproj", "{0F3173C6-A6CC-4F06-B8FC-DADA91B5BA08}"
EndProject
Global
	GlobalSection(SolutionConfigurationPlatforms) = preSolution
		Debug|Any CPU = Debug|Any CPU
		Release|Any CPU = Release|Any CPU
	EndGlobalSection
	GlobalSection(ProjectConfigurationPlatforms) = postSolution
		{0F3173C6-A6CC-4F06-B8FC-DADA91B5BA08}.Debug|Any CPU.ActiveCfg = Debug|Any CPU
		{0F3173C6-A6CC-4F06-B8FC-DADA91B5BA08}.Debug|Any CPU.Build.0 = Debug|Any CPU
		{0F3173C6-A6CC-4F06-B8FC-DADA91B5BA08}.Release|Any CPU.ActiveCfg = Release|Any CPU
		{0F3173C6-A6CC-4F06-B8FC-DADA91B5BA08}.Release|Any CPU.Build.0 = Release|Any CPU
	EndGlobalSection
	GlobalSection(SolutionProperties) = preSolution
		HideSolutionNode = FALSE
	EndGlobalSection
	GlobalSection(ExtensibilityGlobals) = postSolution
		SolutionGuid = {FF75696E-EF57-402F-926D-E90787C0BCF0}
	EndGlobalSection
EndGlobal
